
Microsoft Visual Studio Solution File, Format Version 12.00
# Visual Studio Version 17
VisualStudioVersion = 17.2.32616.157
MinimumVisualStudioVersion = 10.0.40219.1
Project("{FAE04EC0-301F-11D3-BF4B-00C04F79EFBC}") = "STGenetics", "STGenetics\STGenetics.csproj", "{16877116-BAE9-4800-A121-359C141B2B48}"
EndProject
Project("{FAE04EC0-301F-11D3-BF4B-00C04F79EFBC}") = "STGenetics.Models", "STGenetics.Models\STGenetics.Models.csproj", "{622EC967-835D-41B0-B13F-52D3988F60BC}"
EndProject
Project("{FAE04EC0-301F-11D3-BF4B-00C04F79EFBC}") = "STGenetics.Data", "STGenetics.Data\STGenetics.Data.csproj", "{2B8D246B-53A2-46F6-82FA-F8F6A4E4BBD8}"
EndProject
Project("{FAE04EC0-301F-11D3-BF4B-00C04F79EFBC}") = "STGenetics.API", "STGenetics.API\STGenetics.API.csproj", "{F6F44D91-A680-458B-A812-C4080EF479D0}"
EndProject
Global
	GlobalSection(SolutionConfigurationPlatforms) = preSolution
		Debug|Any CPU = Debug|Any CPU
		Release|Any CPU = Release|Any CPU
	EndGlobalSection
	GlobalSection(ProjectConfigurationPlatforms) = postSolution
		{16877116-BAE9-4800-A121-359C141B2B48}.Debug|Any CPU.ActiveCfg = Debug|Any CPU
		{16877116-BAE9-4800-A121-359C141B2B48}.Debug|Any CPU.Build.0 = Debug|Any CPU
		{16877116-BAE9-4800-A121-359C141B2B48}.Release|Any CPU.ActiveCfg = Release|Any CPU
		{16877116-BAE9-4800-A121-359C141B2B48}.Release|Any CPU.Build.0 = Release|Any CPU
		{622EC967-835D-41B0-B13F-52D3988F60BC}.Debug|Any CPU.ActiveCfg = Debug|Any CPU
		{622EC967-835D-41B0-B13F-52D3988F60BC}.Debug|Any CPU.Build.0 = Debug|Any CPU
		{622EC967-835D-41B0-B13F-52D3988F60BC}.Release|Any CPU.ActiveCfg = Release|Any CPU
		{622EC967-835D-41B0-B13F-52D3988F60BC}.Release|Any CPU.Build.0 = Release|Any CPU
		{2B8D246B-53A2-46F6-82FA-F8F6A4E4BBD8}.Debug|Any CPU.ActiveCfg = Debug|Any CPU
		{2B8D246B-53A2-46F6-82FA-F8F6A4E4BBD8}.Debug|Any CPU.Build.0 = Debug|Any CPU
		{2B8D246B-53A2-46F6-82FA-F8F6A4E4BBD8}.Release|Any CPU.ActiveCfg = Release|Any CPU
		{2B8D246B-53A2-46F6-82FA-F8F6A4E4BBD8}.Release|Any CPU.Build.0 = Release|Any CPU
		{F6F44D91-A680-458B-A812-C4080EF479D0}.Debug|Any CPU.ActiveCfg = Debug|Any CPU
		{F6F44D91-A680-458B-A812-C4080EF479D0}.Debug|Any CPU.Build.0 = Debug|Any CPU
		{F6F44D91-A680-458B-A812-C4080EF479D0}.Release|Any CPU.ActiveCfg = Release|Any CPU
		{F6F44D91-A680-458B-A812-C4080EF479D0}.Release|Any CPU.Build.0 = Release|Any CPU
	EndGlobalSection
	GlobalSection(SolutionProperties) = preSolution
		HideSolutionNode = FALSE
	EndGlobalSection
	GlobalSection(ExtensibilityGlobals) = postSolution
		SolutionGuid = {817FB70F-A5DB-41BC-B4BB-DA756331535B}
	EndGlobalSection
EndGlobal
